
Microsoft Visual Studio Solution File, Format Version 12.00
# Visual Studio Version 17
VisualStudioVersion = 17.4.33110.190
MinimumVisualStudioVersion = 10.0.40219.1
Project("{9A19103F-16F7-4668-BE54-9A1E7A4F7556}") = "_02 Einfache Datenbindung", "_02 Einfache Datenbindung\_02 Einfache Datenbindung.csproj", "{5826CDCC-0E32-4861-ABCA-F33294465D82}"
EndProject
Project("{9A19103F-16F7-4668-BE54-9A1E7A4F7556}") = "_03 Bitte Benachichtigen", "_03 Bitte Benachichtigen\_03 Bitte Benachichtigen.csproj", "{4FA1A400-BB91-44A4-B685-CB051952A0FF}"
EndProject
Project("{9A19103F-16F7-4668-BE54-9A1E7A4F7556}") = "_04 Command", "_04 Command\_04 Command.csproj", "{B0EC0B2F-BF72-401C-A5C7-94360E864D82}"
EndProject
Project("{9A19103F-16F7-4668-BE54-9A1E7A4F7556}") = "_05 CommandParameter Taschenrechner", "_05 CommandParameter Taschenrechner\_05 CommandParameter Taschenrechner.csproj", "{1DE21D46-9AE5-4B0B-8205-4F8446890CA6}"
EndProject
Project("{9A19103F-16F7-4668-BE54-9A1E7A4F7556}") = "_06 ValueConverter", "_06 ValueConverter\_06 ValueConverter.csproj", "{86E4F8C7-5844-44E1-8F0A-FAF2B53A6E16}"
EndProject
Project("{9A19103F-16F7-4668-BE54-9A1E7A4F7556}") = "_07 Listen binden", "_07 Listen binden\_07 Listen binden.csproj", "{9E3B3E90-D8C4-4EA7-8043-D2D2F1D58FB2}"
EndProject
Project("{9A19103F-16F7-4668-BE54-9A1E7A4F7556}") = "_10 ViewLogik vs ViewModel", "_10 ViewLogik vs ViewModel\_10 ViewLogik vs ViewModel.csproj", "{411F3964-95AB-4D5D-9976-18851446A5A1}"
EndProject
Project("{9A19103F-16F7-4668-BE54-9A1E7A4F7556}") = "_11 Styles", "_11 Styles\_11 Styles.csproj", "{F5FA01BF-11CE-48A4-B458-0BB1FB321BA8}"
EndProject
Project("{9A19103F-16F7-4668-BE54-9A1E7A4F7556}") = "_12 Styles Wiederverwenden", "_12 Styles Wiederverwenden\_12 Styles Wiederverwenden.csproj", "{2209D353-9B57-4EEA-8E6D-745FB1F1093C}"
EndProject
Project("{9A19103F-16F7-4668-BE54-9A1E7A4F7556}") = "_13 Animationen und Styles Trigger", "_13 Animationen und Styles Trigger\_13 Animationen und Styles Trigger.csproj", "{80DF7534-0CCB-4145-AA96-BC449517CADF}"
EndProject
Project("{9A19103F-16F7-4668-BE54-9A1E7A4F7556}") = "_16 Synchron Asynchorn Parallel", "_16 Synchron Asynchorn Parallel\_16 Synchron Asynchorn Parallel.csproj", "{7742F5EF-754C-457A-9BAB-82ABA0AF6B62}"
EndProject
Project("{2150E333-8FDC-42A3-9474-1A3956D46DE8}") = "Projektmappenelemente", "Projektmappenelemente", "{3C57F36A-D764-4265-9DEF-2B0A8FAE7976}"
	ProjectSection(SolutionItems) = preProject
		README.md = README.md
	EndProjectSection
EndProject
Project("{9A19103F-16F7-4668-BE54-9A1E7A4F7556}") = "_17 CSV Datei Laden im Hintergrund", "_17 CSV Datei Laden im Hintergrund\_17 CSV Datei Laden im Hintergrund.csproj", "{E71D46A3-6D97-4E8B-9020-61193F39626E}"
EndProject
Project("{9A19103F-16F7-4668-BE54-9A1E7A4F7556}") = "_18 Animationen", "_18 Animationen\_18 Animationen.csproj", "{B34C2D2D-6EF8-40BB-A333-2E0ACC08E561}"
EndProject
Project("{9A19103F-16F7-4668-BE54-9A1E7A4F7556}") = "_19 Listen Filtern_Suchfunktion", "_19 Listen Filtern_Suchfunktion\_19 Listen Filtern_Suchfunktion.csproj", "{2ACD59A0-080A-4D09-90E1-0D4265E8951C}"
EndProject
Project("{FAE04EC0-301F-11D3-BF4B-00C04F79EFBC}") = "_21 Arbeiten mit Fenstern", "_21 Arbeiten mit Fenstern\_21 Arbeiten mit Fenstern.csproj", "{D9BFA47D-7A32-4BDB-9C6E-82AE59F65C77}"
EndProject
Global
	GlobalSection(SolutionConfigurationPlatforms) = preSolution
		Debug|Any CPU = Debug|Any CPU
		Release|Any CPU = Release|Any CPU
	EndGlobalSection
	GlobalSection(ProjectConfigurationPlatforms) = postSolution
		{5826CDCC-0E32-4861-ABCA-F33294465D82}.Debug|Any CPU.ActiveCfg = Debug|Any CPU
		{5826CDCC-0E32-4861-ABCA-F33294465D82}.Debug|Any CPU.Build.0 = Debug|Any CPU
		{5826CDCC-0E32-4861-ABCA-F33294465D82}.Release|Any CPU.ActiveCfg = Release|Any CPU
		{5826CDCC-0E32-4861-ABCA-F33294465D82}.Release|Any CPU.Build.0 = Release|Any CPU
		{4FA1A400-BB91-44A4-B685-CB051952A0FF}.Debug|Any CPU.ActiveCfg = Debug|Any CPU
		{4FA1A400-BB91-44A4-B685-CB051952A0FF}.Debug|Any CPU.Build.0 = Debug|Any CPU
		{4FA1A400-BB91-44A4-B685-CB051952A0FF}.Release|Any CPU.ActiveCfg = Release|Any CPU
		{4FA1A400-BB91-44A4-B685-CB051952A0FF}.Release|Any CPU.Build.0 = Release|Any CPU
		{B0EC0B2F-BF72-401C-A5C7-94360E864D82}.Debug|Any CPU.ActiveCfg = Debug|Any CPU
		{B0EC0B2F-BF72-401C-A5C7-94360E864D82}.Debug|Any CPU.Build.0 = Debug|Any CPU
		{B0EC0B2F-BF72-401C-A5C7-94360E864D82}.Release|Any CPU.ActiveCfg = Release|Any CPU
		{B0EC0B2F-BF72-401C-A5C7-94360E864D82}.Release|Any CPU.Build.0 = Release|Any CPU
		{1DE21D46-9AE5-4B0B-8205-4F8446890CA6}.Debug|Any CPU.ActiveCfg = Debug|Any CPU
		{1DE21D46-9AE5-4B0B-8205-4F8446890CA6}.Debug|Any CPU.Build.0 = Debug|Any CPU
		{1DE21D46-9AE5-4B0B-8205-4F8446890CA6}.Release|Any CPU.ActiveCfg = Release|Any CPU
		{1DE21D46-9AE5-4B0B-8205-4F8446890CA6}.Release|Any CPU.Build.0 = Release|Any CPU
		{86E4F8C7-5844-44E1-8F0A-FAF2B53A6E16}.Debug|Any CPU.ActiveCfg = Debug|Any CPU
		{86E4F8C7-5844-44E1-8F0A-FAF2B53A6E16}.Debug|Any CPU.Build.0 = Debug|Any CPU
		{86E4F8C7-5844-44E1-8F0A-FAF2B53A6E16}.Release|Any CPU.ActiveCfg = Release|Any CPU
		{86E4F8C7-5844-44E1-8F0A-FAF2B53A6E16}.Release|Any CPU.Build.0 = Release|Any CPU
		{9E3B3E90-D8C4-4EA7-8043-D2D2F1D58FB2}.Debug|Any CPU.ActiveCfg = Debug|Any CPU
		{9E3B3E90-D8C4-4EA7-8043-D2D2F1D58FB2}.Debug|Any CPU.Build.0 = Debug|Any CPU
		{9E3B3E90-D8C4-4EA7-8043-D2D2F1D58FB2}.Release|Any CPU.ActiveCfg = Release|Any CPU
		{9E3B3E90-D8C4-4EA7-8043-D2D2F1D58FB2}.Release|Any CPU.Build.0 = Release|Any CPU
		{411F3964-95AB-4D5D-9976-18851446A5A1}.Debug|Any CPU.ActiveCfg = Debug|Any CPU
		{411F3964-95AB-4D5D-9976-18851446A5A1}.Debug|Any CPU.Build.0 = Debug|Any CPU
		{411F3964-95AB-4D5D-9976-18851446A5A1}.Release|Any CPU.ActiveCfg = Release|Any CPU
		{411F3964-95AB-4D5D-9976-18851446A5A1}.Release|Any CPU.Build.0 = Release|Any CPU
		{F5FA01BF-11CE-48A4-B458-0BB1FB321BA8}.Debug|Any CPU.ActiveCfg = Debug|Any CPU
		{F5FA01BF-11CE-48A4-B458-0BB1FB321BA8}.Debug|Any CPU.Build.0 = Debug|Any CPU
		{F5FA01BF-11CE-48A4-B458-0BB1FB321BA8}.Release|Any CPU.ActiveCfg = Release|Any CPU
		{F5FA01BF-11CE-48A4-B458-0BB1FB321BA8}.Release|Any CPU.Build.0 = Release|Any CPU
		{2209D353-9B57-4EEA-8E6D-745FB1F1093C}.Debug|Any CPU.ActiveCfg = Debug|Any CPU
		{2209D353-9B57-4EEA-8E6D-745FB1F1093C}.Debug|Any CPU.Build.0 = Debug|Any CPU
		{2209D353-9B57-4EEA-8E6D-745FB1F1093C}.Release|Any CPU.ActiveCfg = Release|Any CPU
		{2209D353-9B57-4EEA-8E6D-745FB1F1093C}.Release|Any CPU.Build.0 = Release|Any CPU
		{80DF7534-0CCB-4145-AA96-BC449517CADF}.Debug|Any CPU.ActiveCfg = Debug|Any CPU
		{80DF7534-0CCB-4145-AA96-BC449517CADF}.Debug|Any CPU.Build.0 = Debug|Any CPU
		{80DF7534-0CCB-4145-AA96-BC449517CADF}.Release|Any CPU.ActiveCfg = Release|Any CPU
		{80DF7534-0CCB-4145-AA96-BC449517CADF}.Release|Any CPU.Build.0 = Release|Any CPU
		{7742F5EF-754C-457A-9BAB-82ABA0AF6B62}.Debug|Any CPU.ActiveCfg = Debug|Any CPU
		{7742F5EF-754C-457A-9BAB-82ABA0AF6B62}.Debug|Any CPU.Build.0 = Debug|Any CPU
		{7742F5EF-754C-457A-9BAB-82ABA0AF6B62}.Release|Any CPU.ActiveCfg = Release|Any CPU
		{7742F5EF-754C-457A-9BAB-82ABA0AF6B62}.Release|Any CPU.Build.0 = Release|Any CPU
		{E71D46A3-6D97-4E8B-9020-61193F39626E}.Debug|Any CPU.ActiveCfg = Debug|Any CPU
		{E71D46A3-6D97-4E8B-9020-61193F39626E}.Debug|Any CPU.Build.0 = Debug|Any CPU
		{E71D46A3-6D97-4E8B-9020-61193F39626E}.Release|Any CPU.ActiveCfg = Release|Any CPU
		{E71D46A3-6D97-4E8B-9020-61193F39626E}.Release|Any CPU.Build.0 = Release|Any CPU
		{B34C2D2D-6EF8-40BB-A333-2E0ACC08E561}.Debug|Any CPU.ActiveCfg = Debug|Any CPU
		{B34C2D2D-6EF8-40BB-A333-2E0ACC08E561}.Debug|Any CPU.Build.0 = Debug|Any CPU
		{B34C2D2D-6EF8-40BB-A333-2E0ACC08E561}.Release|Any CPU.ActiveCfg = Release|Any CPU
		{B34C2D2D-6EF8-40BB-A333-2E0ACC08E561}.Release|Any CPU.Build.0 = Release|Any CPU
		{2ACD59A0-080A-4D09-90E1-0D4265E8951C}.Debug|Any CPU.ActiveCfg = Debug|Any CPU
		{2ACD59A0-080A-4D09-90E1-0D4265E8951C}.Debug|Any CPU.Build.0 = Debug|Any CPU
		{2ACD59A0-080A-4D09-90E1-0D4265E8951C}.Release|Any CPU.ActiveCfg = Release|Any CPU
		{2ACD59A0-080A-4D09-90E1-0D4265E8951C}.Release|Any CPU.Build.0 = Release|Any CPU
		{D9BFA47D-7A32-4BDB-9C6E-82AE59F65C77}.Debug|Any CPU.ActiveCfg = Debug|Any CPU
		{D9BFA47D-7A32-4BDB-9C6E-82AE59F65C77}.Debug|Any CPU.Build.0 = Debug|Any CPU
		{D9BFA47D-7A32-4BDB-9C6E-82AE59F65C77}.Release|Any CPU.ActiveCfg = Release|Any CPU
		{D9BFA47D-7A32-4BDB-9C6E-82AE59F65C77}.Release|Any CPU.Build.0 = Release|Any CPU
	EndGlobalSection
	GlobalSection(SolutionProperties) = preSolution
		HideSolutionNode = FALSE
	EndGlobalSection
	GlobalSection(ExtensibilityGlobals) = postSolution
		SolutionGuid = {EF08D175-1F5D-4C06-AC20-7091410EB418}
	EndGlobalSection
EndGlobal
